// !$*UTF8*$!
{
	archiveVersion = 1;
	classes = {
	};
	objectVersion = 55;
	objects = {

/* Begin PBXBuildFile section */
		EF426D7028D3AE3700C9FE1A /* World.storyboard in Resources */ = {isa = PBXBuildFile; fileRef = EF426D6F28D3AE3700C9FE1A /* World.storyboard */; };
		EF426D7328D3AF5000C9FE1A /* ItemsViewController.swift in Sources */ = {isa = PBXBuildFile; fileRef = EF426D7228D3AF5000C9FE1A /* ItemsViewController.swift */; };
		EF426D7528D3AFA000C9FE1A /* Item.swift in Sources */ = {isa = PBXBuildFile; fileRef = EF426D7428D3AFA000C9FE1A /* Item.swift */; };
		EF426D7728D3B1C600C9FE1A /* ItemStore.swift in Sources */ = {isa = PBXBuildFile; fileRef = EF426D7628D3B1C600C9FE1A /* ItemStore.swift */; };
		EF609CA328D509A7002BB212 /* ItemCell.swift in Sources */ = {isa = PBXBuildFile; fileRef = EF609CA228D509A7002BB212 /* ItemCell.swift */; };
		FC2200AA27C4579A00ECDC94 /* AppDelegate.swift in Sources */ = {isa = PBXBuildFile; fileRef = FC2200A927C4579A00ECDC94 /* AppDelegate.swift */; };
		FC2200AC27C4579A00ECDC94 /* SceneDelegate.swift in Sources */ = {isa = PBXBuildFile; fileRef = FC2200AB27C4579A00ECDC94 /* SceneDelegate.swift */; };
		FC2200AE27C4579A00ECDC94 /* ConversionViewController.swift in Sources */ = {isa = PBXBuildFile; fileRef = FC2200AD27C4579A00ECDC94 /* ConversionViewController.swift */; };
		FC2200B127C4579A00ECDC94 /* Main.storyboard in Resources */ = {isa = PBXBuildFile; fileRef = FC2200AF27C4579A00ECDC94 /* Main.storyboard */; };
		FC2200B327C4579B00ECDC94 /* Assets.xcassets in Resources */ = {isa = PBXBuildFile; fileRef = FC2200B227C4579B00ECDC94 /* Assets.xcassets */; };
		FC2200B627C4579B00ECDC94 /* LaunchScreen.storyboard in Resources */ = {isa = PBXBuildFile; fileRef = FC2200B427C4579B00ECDC94 /* LaunchScreen.storyboard */; };
		FCF77FA027C5490D009C06DF /* MapViewController.swift in Sources */ = {isa = PBXBuildFile; fileRef = FCF77F9F27C5490D009C06DF /* MapViewController.swift */; };
/* End PBXBuildFile section */

/* Begin PBXFileReference section */
		EF426D6F28D3AE3700C9FE1A /* World.storyboard */ = {isa = PBXFileReference; lastKnownFileType = file.storyboard; path = World.storyboard; sourceTree = "<group>"; };
		EF426D7228D3AF5000C9FE1A /* ItemsViewController.swift */ = {isa = PBXFileReference; lastKnownFileType = sourcecode.swift; path = ItemsViewController.swift; sourceTree = "<group>"; };
		EF426D7428D3AFA000C9FE1A /* Item.swift */ = {isa = PBXFileReference; lastKnownFileType = sourcecode.swift; path = Item.swift; sourceTree = "<group>"; };
		EF426D7628D3B1C600C9FE1A /* ItemStore.swift */ = {isa = PBXFileReference; lastKnownFileType = sourcecode.swift; path = ItemStore.swift; sourceTree = "<group>"; };
		EF609CA228D509A7002BB212 /* ItemCell.swift */ = {isa = PBXFileReference; lastKnownFileType = sourcecode.swift; path = ItemCell.swift; sourceTree = "<group>"; };
		FC2200A627C4579A00ECDC94 /* BigNerdRanchProjects.app */ = {isa = PBXFileReference; explicitFileType = wrapper.application; includeInIndex = 0; path = BigNerdRanchProjects.app; sourceTree = BUILT_PRODUCTS_DIR; };
		FC2200A927C4579A00ECDC94 /* AppDelegate.swift */ = {isa = PBXFileReference; lastKnownFileType = sourcecode.swift; path = AppDelegate.swift; sourceTree = "<group>"; };
		FC2200AB27C4579A00ECDC94 /* SceneDelegate.swift */ = {isa = PBXFileReference; lastKnownFileType = sourcecode.swift; path = SceneDelegate.swift; sourceTree = "<group>"; };
		FC2200AD27C4579A00ECDC94 /* ConversionViewController.swift */ = {isa = PBXFileReference; lastKnownFileType = sourcecode.swift; path = ConversionViewController.swift; sourceTree = "<group>"; };
		FC2200B027C4579A00ECDC94 /* Base */ = {isa = PBXFileReference; lastKnownFileType = file.storyboard; name = Base; path = Base.lproj/Main.storyboard; sourceTree = "<group>"; };
		FC2200B227C4579B00ECDC94 /* Assets.xcassets */ = {isa = PBXFileReference; lastKnownFileType = folder.assetcatalog; path = Assets.xcassets; sourceTree = "<group>"; };
		FC2200B527C4579B00ECDC94 /* Base */ = {isa = PBXFileReference; lastKnownFileType = file.storyboard; name = Base; path = Base.lproj/LaunchScreen.storyboard; sourceTree = "<group>"; };
		FC2200B727C4579B00ECDC94 /* Info.plist */ = {isa = PBXFileReference; lastKnownFileType = text.plist.xml; path = Info.plist; sourceTree = "<group>"; };
		FCF77F9F27C5490D009C06DF /* MapViewController.swift */ = {isa = PBXFileReference; lastKnownFileType = sourcecode.swift; path = MapViewController.swift; sourceTree = "<group>"; };
/* End PBXFileReference section */

/* Begin PBXFrameworksBuildPhase section */
		FC2200A327C4579A00ECDC94 /* Frameworks */ = {
			isa = PBXFrameworksBuildPhase;
			buildActionMask = 2147483647;
			files = (
			);
			runOnlyForDeploymentPostprocessing = 0;
		};
/* End PBXFrameworksBuildPhase section */

/* Begin PBXGroup section */
		EF426D6E28D3AE1600C9FE1A /* LootLogger */ = {
			isa = PBXGroup;
			children = (
				EF426D7228D3AF5000C9FE1A /* ItemsViewController.swift */,
				EF426D6F28D3AE3700C9FE1A /* World.storyboard */,
				EF426D7428D3AFA000C9FE1A /* Item.swift */,
				EF426D7628D3B1C600C9FE1A /* ItemStore.swift */,
				EF609CA228D509A7002BB212 /* ItemCell.swift */,
			);
			path = LootLogger;
			sourceTree = "<group>";
		};
		EF426D7128D3AE5800C9FE1A /* fromCh01To09 */ = {
			isa = PBXGroup;
			children = (
				FC2200AF27C4579A00ECDC94 /* Main.storyboard */,
				FC2200AD27C4579A00ECDC94 /* ConversionViewController.swift */,
				FCF77F9F27C5490D009C06DF /* MapViewController.swift */,
			);
			path = fromCh01To09;
			sourceTree = "<group>";
		};
		FC22009D27C4579A00ECDC94 = {
			isa = PBXGroup;
			children = (
				FC2200A827C4579A00ECDC94 /* BigNerdRanchProjects */,
				FC2200A727C4579A00ECDC94 /* Products */,
			);
			sourceTree = "<group>";
		};
		FC2200A727C4579A00ECDC94 /* Products */ = {
			isa = PBXGroup;
			children = (
				FC2200A627C4579A00ECDC94 /* BigNerdRanchProjects.app */,
			);
			name = Products;
			sourceTree = "<group>";
		};
		FC2200A827C4579A00ECDC94 /* BigNerdRanchProjects */ = {
			isa = PBXGroup;
			children = (
				FC2200BD27C4587D00ECDC94 /* others */,
				EF426D7128D3AE5800C9FE1A /* fromCh01To09 */,
				EF426D6E28D3AE1600C9FE1A /* LootLogger */,
				FC2200B727C4579B00ECDC94 /* Info.plist */,
			);
			path = BigNerdRanchProjects;
			sourceTree = "<group>";
		};
		FC2200BD27C4587D00ECDC94 /* others */ = {
			isa = PBXGroup;
			children = (
				FC2200A927C4579A00ECDC94 /* AppDelegate.swift */,
				FC2200B427C4579B00ECDC94 /* LaunchScreen.storyboard */,
				FC2200B227C4579B00ECDC94 /* Assets.xcassets */,
				FC2200AB27C4579A00ECDC94 /* SceneDelegate.swift */,
			);
			path = others;
			sourceTree = "<group>";
		};
/* End PBXGroup section */

/* Begin PBXNativeTarget section */
		FC2200A527C4579A00ECDC94 /* BigNerdRanchProjects */ = {
			isa = PBXNativeTarget;
			buildConfigurationList = FC2200BA27C4579B00ECDC94 /* Build configuration list for PBXNativeTarget "BigNerdRanchProjects" */;
			buildPhases = (
				FC2200A227C4579A00ECDC94 /* Sources */,
				FC2200A327C4579A00ECDC94 /* Frameworks */,
				FC2200A427C4579A00ECDC94 /* Resources */,
			);
			buildRules = (
			);
			dependencies = (
			);
			name = BigNerdRanchProjects;
			productName = BigNerdRanchProjects;
			productReference = FC2200A627C4579A00ECDC94 /* BigNerdRanchProjects.app */;
			productType = "com.apple.product-type.application";
		};
/* End PBXNativeTarget section */

/* Begin PBXProject section */
		FC22009E27C4579A00ECDC94 /* Project object */ = {
			isa = PBXProject;
			attributes = {
				BuildIndependentTargetsInParallel = 1;
				LastSwiftUpdateCheck = 1320;
				LastUpgradeCheck = 1320;
				TargetAttributes = {
					FC2200A527C4579A00ECDC94 = {
						CreatedOnToolsVersion = 13.2.1;
					};
				};
			};
			buildConfigurationList = FC2200A127C4579A00ECDC94 /* Build configuration list for PBXProject "BigNerdRanchProjects" */;
			compatibilityVersion = "Xcode 13.0";
			developmentRegion = en;
			hasScannedForEncodings = 0;
			knownRegions = (
				en,
				Base,
			);
			mainGroup = FC22009D27C4579A00ECDC94;
			productRefGroup = FC2200A727C4579A00ECDC94 /* Products */;
			projectDirPath = "";
			projectRoot = "";
			targets = (
				FC2200A527C4579A00ECDC94 /* BigNerdRanchProjects */,
			);
		};
/* End PBXProject section */

/* Begin PBXResourcesBuildPhase section */
		FC2200A427C4579A00ECDC94 /* Resources */ = {
			isa = PBXResourcesBuildPhase;
			buildActionMask = 2147483647;
			files = (
				FC2200B627C4579B00ECDC94 /* LaunchScreen.storyboard in Resources */,
				FC2200B327C4579B00ECDC94 /* Assets.xcassets in Resources */,
				FC2200B127C4579A00ECDC94 /* Main.storyboard in Resources */,
				EF426D7028D3AE3700C9FE1A /* World.storyboard in Resources */,
			);
			runOnlyForDeploymentPostprocessing = 0;
		};
/* End PBXResourcesBuildPhase section */

/* Begin PBXSourcesBuildPhase section */
		FC2200A227C4579A00ECDC94 /* Sources */ = {
			isa = PBXSourcesBuildPhase;
			buildActionMask = 2147483647;
			files = (
				EF609CA328D509A7002BB212 /* ItemCell.swift in Sources */,
				EF426D7328D3AF5000C9FE1A /* ItemsViewController.swift in Sources */,
				EF426D7528D3AFA000C9FE1A /* Item.swift in Sources */,
				FC2200AE27C4579A00ECDC94 /* ConversionViewController.swift in Sources */,
				FCF77FA027C5490D009C06DF /* MapViewController.swift in Sources */,
				FC2200AA27C4579A00ECDC94 /* AppDelegate.swift in Sources */,
				EF426D7728D3B1C600C9FE1A /* ItemStore.swift in Sources */,
				FC2200AC27C4579A00ECDC94 /* SceneDelegate.swift in Sources */,
			);
			runOnlyForDeploymentPostprocessing = 0;
		};
/* End PBXSourcesBuildPhase section */

/* Begin PBXVariantGroup section */
		FC2200AF27C4579A00ECDC94 /* Main.storyboard */ = {
			isa = PBXVariantGroup;
			children = (
				FC2200B027C4579A00ECDC94 /* Base */,
			);
			name = Main.storyboard;
			sourceTree = "<group>";
		};
		FC2200B427C4579B00ECDC94 /* LaunchScreen.storyboard */ = {
			isa = PBXVariantGroup;
			children = (
				FC2200B527C4579B00ECDC94 /* Base */,
			);
			name = LaunchScreen.storyboard;
			sourceTree = "<group>";
		};
/* End PBXVariantGroup section */

/* Begin XCBuildConfiguration section */
		FC2200B827C4579B00ECDC94 /* Debug */ = {
			isa = XCBuildConfiguration;
			buildSettings = {
				ALWAYS_SEARCH_USER_PATHS = NO;
				CLANG_ANALYZER_NONNULL = YES;
				CLANG_ANALYZER_NUMBER_OBJECT_CONVERSION = YES_AGGRESSIVE;
				CLANG_CXX_LANGUAGE_STANDARD = "gnu++17";
				CLANG_CXX_LIBRARY = "libc++";
				CLANG_ENABLE_MODULES = YES;
				CLANG_ENABLE_OBJC_ARC = YES;
				CLANG_ENABLE_OBJC_WEAK = YES;
				CLANG_WARN_BLOCK_CAPTURE_AUTORELEASING = YES;
				CLANG_WARN_BOOL_CONVERSION = YES;
				CLANG_WARN_COMMA = YES;
				CLANG_WARN_CONSTANT_CONVERSION = YES;
				CLANG_WARN_DEPRECATED_OBJC_IMPLEMENTATIONS = YES;
				CLANG_WARN_DIRECT_OBJC_ISA_USAGE = YES_ERROR;
				CLANG_WARN_DOCUMENTATION_COMMENTS = YES;
				CLANG_WARN_EMPTY_BODY = YES;
				CLANG_WARN_ENUM_CONVERSION = YES;
				CLANG_WARN_INFINITE_RECURSION = YES;
				CLANG_WARN_INT_CONVERSION = YES;
				CLANG_WARN_NON_LITERAL_NULL_CONVERSION = YES;
				CLANG_WARN_OBJC_IMPLICIT_RETAIN_SELF = YES;
				CLANG_WARN_OBJC_LITERAL_CONVERSION = YES;
				CLANG_WARN_OBJC_ROOT_CLASS = YES_ERROR;
				CLANG_WARN_QUOTED_INCLUDE_IN_FRAMEWORK_HEADER = YES;
				CLANG_WARN_RANGE_LOOP_ANALYSIS = YES;
				CLANG_WARN_STRICT_PROTOTYPES = YES;
				CLANG_WARN_SUSPICIOUS_MOVE = YES;
				CLANG_WARN_UNGUARDED_AVAILABILITY = YES_AGGRESSIVE;
				CLANG_WARN_UNREACHABLE_CODE = YES;
				CLANG_WARN__DUPLICATE_METHOD_MATCH = YES;
				COPY_PHASE_STRIP = NO;
				DEBUG_INFORMATION_FORMAT = dwarf;
				ENABLE_STRICT_OBJC_MSGSEND = YES;
				ENABLE_TESTABILITY = YES;
				GCC_C_LANGUAGE_STANDARD = gnu11;
				GCC_DYNAMIC_NO_PIC = NO;
				GCC_NO_COMMON_BLOCKS = YES;
				GCC_OPTIMIZATION_LEVEL = 0;
				GCC_PREPROCESSOR_DEFINITIONS = (
					"DEBUG=1",
					"$(inherited)",
				);
				GCC_WARN_64_TO_32_BIT_CONVERSION = YES;
				GCC_WARN_ABOUT_RETURN_TYPE = YES_ERROR;
				GCC_WARN_UNDECLARED_SELECTOR = YES;
				GCC_WARN_UNINITIALIZED_AUTOS = YES_AGGRESSIVE;
				GCC_WARN_UNUSED_FUNCTION = YES;
				GCC_WARN_UNUSED_VARIABLE = YES;
				IPHONEOS_DEPLOYMENT_TARGET = 15.2;
				MTL_ENABLE_DEBUG_INFO = INCLUDE_SOURCE;
				MTL_FAST_MATH = YES;
				ONLY_ACTIVE_ARCH = YES;
				SDKROOT = iphoneos;
				SWIFT_ACTIVE_COMPILATION_CONDITIONS = DEBUG;
				SWIFT_OPTIMIZATION_LEVEL = "-Onone";
			};
			name = Debug;
		};
		FC2200B927C4579B00ECDC94 /* Release */ = {
			isa = XCBuildConfiguration;
			buildSettings = {
				ALWAYS_SEARCH_USER_PATHS = NO;
				CLANG_ANALYZER_NONNULL = YES;
				CLANG_ANALYZER_NUMBER_OBJECT_CONVERSION = YES_AGGRESSIVE;
				CLANG_CXX_LANGUAGE_STANDARD = "gnu++17";
				CLANG_CXX_LIBRARY = "libc++";
				CLANG_ENABLE_MODULES = YES;
				CLANG_ENABLE_OBJC_ARC = YES;
				CLANG_ENABLE_OBJC_WEAK = YES;
				CLANG_WARN_BLOCK_CAPTURE_AUTORELEASING = YES;
				CLANG_WARN_BOOL_CONVERSION = YES;
				CLANG_WARN_COMMA = YES;
				CLANG_WARN_CONSTANT_CONVERSION = YES;
				CLANG_WARN_DEPRECATED_OBJC_IMPLEMENTATIONS = YES;
				CLANG_WARN_DIRECT_OBJC_ISA_USAGE = YES_ERROR;
				CLANG_WARN_DOCUMENTATION_COMMENTS = YES;
				CLANG_WARN_EMPTY_BODY = YES;
				CLANG_WARN_ENUM_CONVERSION = YES;
				CLANG_WARN_INFINITE_RECURSION = YES;
				CLANG_WARN_INT_CONVERSION = YES;
				CLANG_WARN_NON_LITERAL_NULL_CONVERSION = YES;
				CLANG_WARN_OBJC_IMPLICIT_RETAIN_SELF = YES;
				CLANG_WARN_OBJC_LITERAL_CONVERSION = YES;
				CLANG_WARN_OBJC_ROOT_CLASS = YES_ERROR;
				CLANG_WARN_QUOTED_INCLUDE_IN_FRAMEWORK_HEADER = YES;
				CLANG_WARN_RANGE_LOOP_ANALYSIS = YES;
				CLANG_WARN_STRICT_PROTOTYPES = YES;
				CLANG_WARN_SUSPICIOUS_MOVE = YES;
				CLANG_WARN_UNGUARDED_AVAILABILITY = YES_AGGRESSIVE;
				CLANG_WARN_UNREACHABLE_CODE = YES;
				CLANG_WARN__DUPLICATE_METHOD_MATCH = YES;
				COPY_PHASE_STRIP = NO;
				DEBUG_INFORMATION_FORMAT = "dwarf-with-dsym";
				ENABLE_NS_ASSERTIONS = NO;
				ENABLE_STRICT_OBJC_MSGSEND = YES;
				GCC_C_LANGUAGE_STANDARD = gnu11;
				GCC_NO_COMMON_BLOCKS = YES;
				GCC_WARN_64_TO_32_BIT_CONVERSION = YES;
				GCC_WARN_ABOUT_RETURN_TYPE = YES_ERROR;
				GCC_WARN_UNDECLARED_SELECTOR = YES;
				GCC_WARN_UNINITIALIZED_AUTOS = YES_AGGRESSIVE;
				GCC_WARN_UNUSED_FUNCTION = YES;
				GCC_WARN_UNUSED_VARIABLE = YES;
				IPHONEOS_DEPLOYMENT_TARGET = 15.2;
				MTL_ENABLE_DEBUG_INFO = NO;
				MTL_FAST_MATH = YES;
				SDKROOT = iphoneos;
				SWIFT_COMPILATION_MODE = wholemodule;
				SWIFT_OPTIMIZATION_LEVEL = "-O";
				VALIDATE_PRODUCT = YES;
			};
			name = Release;
		};
		FC2200BB27C4579B00ECDC94 /* Debug */ = {
			isa = XCBuildConfiguration;
			buildSettings = {
				ASSETCATALOG_COMPILER_APPICON_NAME = AppIcon;
				ASSETCATALOG_COMPILER_GLOBAL_ACCENT_COLOR_NAME = AccentColor;
				CODE_SIGN_STYLE = Automatic;
				CURRENT_PROJECT_VERSION = 1;
				DEVELOPMENT_TEAM = AJ7MW2XDAX;
				GENERATE_INFOPLIST_FILE = YES;
				INFOPLIST_FILE = BigNerdRanchProjects/Info.plist;
				INFOPLIST_KEY_NSLocationWhenInUseUsageDescription = "allow location";
				INFOPLIST_KEY_UIApplicationSupportsIndirectInputEvents = YES;
				INFOPLIST_KEY_UILaunchStoryboardName = LaunchScreen;
				INFOPLIST_KEY_UIMainStoryboardFile = World;
				INFOPLIST_KEY_UISupportedInterfaceOrientations_iPad = "UIInterfaceOrientationPortrait UIInterfaceOrientationPortraitUpsideDown UIInterfaceOrientationLandscapeLeft UIInterfaceOrientationLandscapeRight";
				INFOPLIST_KEY_UISupportedInterfaceOrientations_iPhone = "UIInterfaceOrientationPortrait UIInterfaceOrientationLandscapeLeft UIInterfaceOrientationLandscapeRight";
				IPHONEOS_DEPLOYMENT_TARGET = 12.0;
				LD_RUNPATH_SEARCH_PATHS = (
					"$(inherited)",
					"@executable_path/Frameworks",
				);
				MARKETING_VERSION = 1.0;
				PRODUCT_BUNDLE_IDENTIFIER = com.justme.BigNerdRanchProjects;
				PRODUCT_NAME = "$(TARGET_NAME)";
				SWIFT_EMIT_LOC_STRINGS = YES;
				SWIFT_VERSION = 5.0;
				TARGETED_DEVICE_FAMILY = "1,2";
			};
			name = Debug;
		};
		FC2200BC27C4579B00ECDC94 /* Release */ = {
			isa = XCBuildConfiguration;
			buildSettings = {
				ASSETCATALOG_COMPILER_APPICON_NAME = AppIcon;
				ASSETCATALOG_COMPILER_GLOBAL_ACCENT_COLOR_NAME = AccentColor;
				CODE_SIGN_STYLE = Automatic;
				CURRENT_PROJECT_VERSION = 1;
				DEVELOPMENT_TEAM = AJ7MW2XDAX;
				GENERATE_INFOPLIST_FILE = YES;
				INFOPLIST_FILE = BigNerdRanchProjects/Info.plist;
				INFOPLIST_KEY_NSLocationWhenInUseUsageDescription = "allow location";
				INFOPLIST_KEY_UIApplicationSupportsIndirectInputEvents = YES;
				INFOPLIST_KEY_UILaunchStoryboardName = LaunchScreen;
				INFOPLIST_KEY_UIMainStoryboardFile = World;
				INFOPLIST_KEY_UISupportedInterfaceOrientations_iPad = "UIInterfaceOrientationPortrait UIInterfaceOrientationPortraitUpsideDown UIInterfaceOrientationLandscapeLeft UIInterfaceOrientationLandscapeRight";
				INFOPLIST_KEY_UISupportedInterfaceOrientations_iPhone = "UIInterfaceOrientationPortrait UIInterfaceOrientationLandscapeLeft UIInterfaceOrientationLandscapeRight";
				IPHONEOS_DEPLOYMENT_TARGET = 12.0;
				LD_RUNPATH_SEARCH_PATHS = (
					"$(inherited)",
					"@executable_path/Frameworks",
				);
				MARKETING_VERSION = 1.0;
				PRODUCT_BUNDLE_IDENTIFIER = com.justme.BigNerdRanchProjects;
				PRODUCT_NAME = "$(TARGET_NAME)";
				SWIFT_EMIT_LOC_STRINGS = YES;
				SWIFT_VERSION = 5.0;
				TARGETED_DEVICE_FAMILY = "1,2";
			};
			name = Release;
		};
/* End XCBuildConfiguration section */

/* Begin XCConfigurationList section */
		FC2200A127C4579A00ECDC94 /* Build configuration list for PBXProject "BigNerdRanchProjects" */ = {
			isa = XCConfigurationList;
			buildConfigurations = (
				FC2200B827C4579B00ECDC94 /* Debug */,
				FC2200B927C4579B00ECDC94 /* Release */,
			);
			defaultConfigurationIsVisible = 0;
			defaultConfigurationName = Release;
		};
		FC2200BA27C4579B00ECDC94 /* Build configuration list for PBXNativeTarget "BigNerdRanchProjects" */ = {
			isa = XCConfigurationList;
			buildConfigurations = (
				FC2200BB27C4579B00ECDC94 /* Debug */,
				FC2200BC27C4579B00ECDC94 /* Release */,
			);
			defaultConfigurationIsVisible = 0;
			defaultConfigurationName = Release;
		};
/* End XCConfigurationList section */
	};
	rootObject = FC22009E27C4579A00ECDC94 /* Project object */;
}
